{
  "name": "web-app-mafia",
  "version": "3.0.0",
  "lockfileVersion": 1,
  "requires": true,
  "dependencies": {
    "jquery": {
      "version": "3.5.1",
      "resolved": "https://registry.npmjs.org/jquery/-/jquery-3.5.1.tgz",
      "integrity": "sha512-XwIBPqcMn57FxfT+Go5pzySnm4KWkT1Tv7gjrpT1srtf8Weynl6R273VJ5GjkRb51IzMp5nbaPjJXMWeju2MKg=="
    },
    "rxjs": {
      "version": "6.6.3",
      "resolved": "https://registry.npmjs.org/rxjs/-/rxjs-6.6.3.tgz",
      "integrity": "sha512-trsQc+xYYXZ3urjOiJOuCOa5N3jAZ3eiSpQB5hIT8zGlL2QfnHLJ2r7GMkBGuIausdJN1OneaI6gQlsqNHHmZQ==",
      "requires": {
        "tslib": "^1.9.0"
      }
    },
    "thruway.js": {
      "version": "2.0.7",
      "resolved": "https://registry.npmjs.org/thruway.js/-/thruway.js-2.0.7.tgz",
      "integrity": "sha512-nCuc3t94/UJny4MQP+apXMCYekoul6LEcpPi+otuw4mn1DtWYzj9N2LsZbR/I5zzzkCTnGxllCERD0Smz6iC6Q=="
    },
    "tslib": {
      "version": "1.13.0",
      "resolved": "https://registry.npmjs.org/tslib/-/tslib-1.13.0.tgz",
      "integrity": "sha512-i/6DQjL8Xf3be4K/E6Wgpekn5Qasl1usyw++dAA35Ue5orEn65VIxOA+YvNNl9HV3qv70T7CNwjODHZrLwvd1Q=="
    }
  }
}
