{
  "name": "web-app-mafia",
  "version": "3.0.0",
  "lockfileVersion": 1,
  "requires": true,
  "dependencies": {
    "jquery": {
      "version": "3.5.1",
      "resolved": "https://registry.npmjs.org/jquery/-/jquery-3.5.1.tgz",
      "integrity": "sha512-XwIBPqcMn57FxfT+Go5pzySnm4KWkT1Tv7gjrpT1srtf8Weynl6R273VJ5GjkRb51IzMp5nbaPjJXMWeju2MKg=="
    },
    "thruway.js": {
      "version": "2.0.7",
      "resolved": "https://registry.npmjs.org/thruway.js/-/thruway.js-2.0.7.tgz",
      "integrity": "sha512-nCuc3t94/UJny4MQP+apXMCYekoul6LEcpPi+otuw4mn1DtWYzj9N2LsZbR/I5zzzkCTnGxllCERD0Smz6iC6Q=="
    }
  }
}
